lockVersion: 2.0.0
id: 5748dc95-94a2-403e-994f-51a5e9dfe382
management:
  docChecksum: 4d5b3941f104202a3b73114deb79761f
  docVersion: 1.0.19
  speakeasyVersion: 1.296.1
  generationVersion: 2.338.1
  releaseVersion: 0.7.11
  configChecksum: 3a70191b6c2df4a4e7d1048fddb009a8
  repoURL: https://github.com/speakeasy-sdks/petstore-typescript-sdk.git
  repoSubDirectory: .
  installationURL: https://github.com/speakeasy-sdks/petstore-typescript-sdk
features:
  typescript:
    acceptHeaders: 2.81.2
    additionalDependencies: 0.1.0
    constsAndDefaults: 0.1.5
    core: 3.9.9
    globalSecurity: 2.82.9
    globalSecurityCallbacks: 0.1.0
    globalSecurityFlattening: 0.1.0
    globalServerURLs: 2.82.4
    methodSecurity: 2.82.4
    responseFormat: 0.2.3
    sdkHooks: 0.1.0
generatedFiles:
  - src/sdk/petsdk.ts
  - src/sdk/store.ts
  - src/sdk/usersdk.ts
  - src/sdk/sdk.ts
  - .eslintrc.js
  - .npmignore
  - RUNTIMES.md
  - jsr.json
  - package.json
  - src/index.ts
  - src/lib/base64.ts
  - src/lib/config.ts
  - src/lib/encodings.ts
  - src/lib/http.ts
  - src/lib/is-plain-object.ts
  - src/lib/retries.ts
  - src/lib/schemas.ts
  - src/lib/sdks.ts
  - src/lib/security.ts
  - src/lib/url.ts
  - src/sdk/index.ts
  - src/models/sdkerror.ts
  - src/models/sdkvalidationerror.ts
  - src/types/blobs.ts
  - src/types/enums.ts
  - src/types/index.ts
  - src/types/operations.ts
  - src/types/rfcdate.ts
  - tsconfig.json
  - src/models/addpetformop.ts
  - src/models/pet.ts
  - src/models/tag.ts
  - src/models/category.ts
  - src/models/addpetjsonop.ts
  - src/models/addpetrawop.ts
  - src/models/deletepetop.ts
  - src/models/findpetsbystatusop.ts
  - src/models/findpetsbytagsop.ts
  - src/models/getpetbyidop.ts
  - src/models/updatepetwithformop.ts
  - src/models/updatepetformop.ts
  - src/models/updatepetjsonop.ts
  - src/models/updatepetrawop.ts
  - src/models/uploadfileop.ts
  - src/models/apiresponse.ts
  - src/models/deleteorderop.ts
  - src/models/getinventoryop.ts
  - src/models/getorderbyidop.ts
  - src/models/order.ts
  - src/models/placeorderformop.ts
  - src/models/placeorderjsonop.ts
  - src/models/placeorderrawop.ts
  - src/models/createuserformop.ts
  - src/models/user.ts
  - src/models/createuserjsonop.ts
  - src/models/createuserrawop.ts
  - src/models/createuserswithlistinputop.ts
  - src/models/deleteuserop.ts
  - src/models/getuserbynameop.ts
  - src/models/loginuserop.ts
  - src/models/logoutuserop.ts
  - src/models/updateuserformop.ts
  - src/models/updateuserjsonop.ts
  - src/models/updateuserrawop.ts
  - src/models/security.ts
  - src/models/index.ts
  - docs/models/addpetformresponse.md
  - docs/models/petstatus.md
  - docs/models/pet.md
  - docs/models/tag.md
  - docs/models/category.md
  - docs/models/addpetjsonresponse.md
  - docs/models/addpetrawresponse.md
  - docs/models/deletepetrequest.md
  - docs/models/deletepetresponse.md
  - docs/models/queryparamstatus.md
  - docs/models/findpetsbystatusrequest.md
  - docs/models/findpetsbystatusresponse.md
  - docs/models/findpetsbytagsrequest.md
  - docs/models/findpetsbytagsresponse.md
  - docs/models/getpetbyidsecurity.md
  - docs/models/getpetbyidrequest.md
  - docs/models/getpetbyidresponse.md
  - docs/models/updatepetwithformrequest.md
  - docs/models/updatepetwithformresponse.md
  - docs/models/updatepetformresponse.md
  - docs/models/updatepetjsonresponse.md
  - docs/models/updatepetrawresponse.md
  - docs/models/uploadfilerequest.md
  - docs/models/uploadfileresponse.md
  - docs/models/apiresponse.md
  - docs/models/deleteorderrequest.md
  - docs/models/deleteorderresponse.md
  - docs/models/getinventorysecurity.md
  - docs/models/getinventoryresponse.md
  - docs/models/getorderbyidrequest.md
  - docs/models/getorderbyidresponse.md
  - docs/models/status.md
  - docs/models/order.md
  - docs/models/placeorderformresponse.md
  - docs/models/placeorderjsonresponse.md
  - docs/models/placeorderrawresponse.md
  - docs/models/createuserformresponse.md
  - docs/models/user.md
  - docs/models/createuserjsonresponse.md
  - docs/models/createuserrawresponse.md
  - docs/models/createuserswithlistinputresponse.md
  - docs/models/deleteuserrequest.md
  - docs/models/deleteuserresponse.md
  - docs/models/getuserbynamerequest.md
  - docs/models/getuserbynameresponse.md
  - docs/models/loginuserrequest.md
  - docs/models/loginuserresponse.md
  - docs/models/logoutuserresponse.md
  - docs/models/updateuserformrequest.md
  - docs/models/updateuserformresponse.md
  - docs/models/updateuserjsonrequest.md
  - docs/models/updateuserjsonresponse.md
  - docs/models/updateuserrawrequest.md
  - docs/models/updateuserrawresponse.md
  - docs/models/security.md
  - docs/sdks/petstore/README.md
  - docs/sdks/petsdk/README.md
  - docs/sdks/store/README.md
  - docs/sdks/usersdk/README.md
  - USAGE.md
  - .gitattributes
  - src/hooks/hooks.ts
  - src/hooks/types.ts
  - src/hooks/index.ts
