speakeasyVersion: 1.330.0
sources:
    petstore-api:
        sourceNamespace: petstore-api
        sourceRevisionDigest: sha256:3cd8e3317b7df06d6808bac4a6d09c9f8de81d4700cbd19fdfde5e7fdcdc81c7
        sourceBlobDigest: sha256:79c630974223dafabfec84f1ebc065fa6dfb7e29b5e4dd658165e484d4b93ae8
        tags:
            - latest
targets:
    petstore-ts:
        source: petstore-api
        sourceNamespace: petstore-api
        sourceRevisionDigest: sha256:3cd8e3317b7df06d6808bac4a6d09c9f8de81d4700cbd19fdfde5e7fdcdc81c7
        sourceBlobDigest: sha256:79c630974223dafabfec84f1ebc065fa6dfb7e29b5e4dd658165e484d4b93ae8
        outLocation: C:\Users\Luke\Documents\GitHub\petstore-typescript-sdk
workflow:
    workflowVersion: 1.0.0
    speakeasyVersion: latest
    sources:
        petstore-api:
            inputs:
                - location: https://petstore3.swagger.io/api/v3/openapi.yaml
            registry:
                location: registry.speakeasyapi.dev/lukehagar/lukehagar/petstore-api
    targets:
        petstore-ts:
            target: typescript
            source: petstore-api
